
Microsoft Visual Studio Solution File, Format Version 12.00
# Visual Studio Version 16
VisualStudioVersion = 16.0.30804.86
MinimumVisualStudioVersion = 10.0.40219.1
Project("{FAE04EC0-301F-11D3-BF4B-00C04F79EFBC}") = "PraktikumWeek14", "PraktikumWeek14\PraktikumWeek14.csproj", "{E0301AE8-1C3B-46B8-8C0E-2DEB217F0E15}"
EndProject
Global
	GlobalSection(SolutionConfigurationPlatforms) = preSolution
		Debug|Any CPU = Debug|Any CPU
		Release|Any CPU = Release|Any CPU
	EndGlobalSection
	GlobalSection(ProjectConfigurationPlatforms) = postSolution
		{E0301AE8-1C3B-46B8-8C0E-2DEB217F0E15}.Debug|Any CPU.ActiveCfg = Debug|Any CPU
		{E0301AE8-1C3B-46B8-8C0E-2DEB217F0E15}.Debug|Any CPU.Build.0 = Debug|Any CPU
		{E0301AE8-1C3B-46B8-8C0E-2DEB217F0E15}.Release|Any CPU.ActiveCfg = Release|Any CPU
		{E0301AE8-1C3B-46B8-8C0E-2DEB217F0E15}.Release|Any CPU.Build.0 = Release|Any CPU
	EndGlobalSection
	GlobalSection(SolutionProperties) = preSolution
		HideSolutionNode = FALSE
	EndGlobalSection
	GlobalSection(ExtensibilityGlobals) = postSolution
		SolutionGuid = {411B8EB7-D253-412D-AAD2-9D1F93DCD7D3}
	EndGlobalSection
EndGlobal
